<?xml version="1.0" encoding="utf-8"?>
<Project ToolsVersion="4.0" xmlns="http://schemas.microsoft.com/developer/msbuild/2003">
  <ItemGroup>
    <Filter Include="Source Files">
      <UniqueIdentifier>{4FC737F1-C7A5-4376-A066-2A32D752A2FF}</UniqueIdentifier>
      <Extensions>cpp;c;cc;cxx;def;odl;idl;hpj;bat;asm;asmx</Extensions>
    </Filter>
    <Filter Include="Header Files">
      <UniqueIdentifier>{93995380-89BD-4b04-88EB-625FBE52EBFB}</UniqueIdentifier>
      <Extensions>h;hh;hpp;hxx;hm;inl;inc;xsd</Extensions>
    </Filter>
    <Filter Include="Resource Files">
      <UniqueIdentifier>{67DA6AB6-F800-4c08-8B7A-83BB121AAD01}</UniqueIdentifier>
      <Extensions>rc;ico;cur;bmp;dlg;rc2;rct;bin;rgs;gif;jpg;jpeg;jpe;resx;tiff;tif;png;wav;mfcribbon-ms</Extensions>
    </Filter>
    <Filter Include="Git">
      <UniqueIdentifier>{1e88298d-973a-4f5f-9fca-cae9af6baea9}</UniqueIdentifier>
    </Filter>
  </ItemGroup>
  <ItemGroup>
    <ClCompile Include="src\pythagoras-tree.cpp">
      <Filter>Source Files</Filter>
    </ClCompile>
  </ItemGroup>
  <ItemGroup>
    <None Include="README.md">
      <Filter>Git</Filter>
    </None>
  </ItemGroup>
  <ItemGroup>
    <ClInclude Include="src\copyrights.h">
      <Filter>Source Files</Filter>
    </ClInclude>
    <ClInclude Include="src\config.hpp">
      <Filter>Source Files</Filter>
    </ClInclude>
    <ClInclude Include="src\headers\Turn.hpp">
      <Filter>Header Files</Filter>
    </ClInclude>
    <ClInclude Include="src\headers\State.hpp">
      <Filter>Header Files</Filter>
    </ClInclude>
    <ClInclude Include="src\headers\Square.hpp">
      <Filter>Header Files</Filter>
    </ClInclude>
    <ClInclude Include="src\headers\Rewriter.hpp">
      <Filter>Header Files</Filter>
    </ClInclude>
    <ClInclude Include="src\headers\RealRect.hpp">
      <Filter>Header Files</Filter>
    </ClInclude>
    <ClInclude Include="src\headers\Point.hpp">
      <Filter>Header Files</Filter>
    </ClInclude>
    <ClInclude Include="src\headers\LinderEngine.hpp">
      <Filter>Header Files</Filter>
    </ClInclude>
    <ClInclude Include="src\headers\IntRect.hpp">
      <Filter>Header Files</Filter>
    </ClInclude>
    <ClInclude Include="src\headers\CONFIG.hpp">
      <Filter>Header Files</Filter>
    </ClInclude>
    <ClInclude Include="src\headers\Canvas.hpp">
      <Filter>Header Files</Filter>
    </ClInclude>
  </ItemGroup>
</Project>